// !$*UTF8*$!
{
	archiveVersion = 1;
	classes = {
	};
	objectVersion = 55;
	objects = {

/* Begin PBXBuildFile section */
		C6BA5F5328A3749900A5484B /* MineSweeperSolverApp.swift in Sources */ = {isa = PBXBuildFile; fileRef = C6BA5F5228A3749900A5484B /* MineSweeperSolverApp.swift */; };
		C6BA5F5528A3749900A5484B /* ContentView.swift in Sources */ = {isa = PBXBuildFile; fileRef = C6BA5F5428A3749900A5484B /* ContentView.swift */; };
		C6BA5F5728A3749D00A5484B /* Assets.xcassets in Resources */ = {isa = PBXBuildFile; fileRef = C6BA5F5628A3749D00A5484B /* Assets.xcassets */; };
		C6BA5F5A28A3749D00A5484B /* Preview Assets.xcassets in Resources */ = {isa = PBXBuildFile; fileRef = C6BA5F5928A3749D00A5484B /* Preview Assets.xcassets */; };
		C6BA5F6428A3749D00A5484B /* MineSweeperSolverTests.swift in Sources */ = {isa = PBXBuildFile; fileRef = C6BA5F6328A3749D00A5484B /* MineSweeperSolverTests.swift */; };
		C6BA5F6E28A3749D00A5484B /* MineSweeperSolverUITests.swift in Sources */ = {isa = PBXBuildFile; fileRef = C6BA5F6D28A3749D00A5484B /* MineSweeperSolverUITests.swift */; };
		C6BA5F7028A3749D00A5484B /* MineSweeperSolverUITestsLaunchTests.swift in Sources */ = {isa = PBXBuildFile; fileRef = C6BA5F6F28A3749D00A5484B /* MineSweeperSolverUITestsLaunchTests.swift */; };
		C6BA5F7D28A375E800A5484B /* FileReader.swift in Sources */ = {isa = PBXBuildFile; fileRef = C6BA5F7C28A375E800A5484B /* FileReader.swift */; };
		C6BA5F7F28A3761D00A5484B /* FileRenderer.swift in Sources */ = {isa = PBXBuildFile; fileRef = C6BA5F7E28A3761D00A5484B /* FileRenderer.swift */; };
		C6BA5F8128A376BA00A5484B /* Board.swift in Sources */ = {isa = PBXBuildFile; fileRef = C6BA5F8028A376BA00A5484B /* Board.swift */; };
		C6BA5F8328A376C200A5484B /* Element.swift in Sources */ = {isa = PBXBuildFile; fileRef = C6BA5F8228A376C200A5484B /* Element.swift */; };
		C6BA5F8528A376CB00A5484B /* Position.swift in Sources */ = {isa = PBXBuildFile; fileRef = C6BA5F8428A376CB00A5484B /* Position.swift */; };
		C6BA5F8828A3771D00A5484B /* Counter.swift in Sources */ = {isa = PBXBuildFile; fileRef = C6BA5F8728A3771D00A5484B /* Counter.swift */; };
		C6BA5F8A28A3774900A5484B /* FileWriter.swift in Sources */ = {isa = PBXBuildFile; fileRef = C6BA5F8928A3774900A5484B /* FileWriter.swift */; };
/* End PBXBuildFile section */

/* Begin PBXContainerItemProxy section */
		C6BA5F6028A3749D00A5484B /* PBXContainerItemProxy */ = {
			isa = PBXContainerItemProxy;
			containerPortal = C6BA5F4728A3749900A5484B /* Project object */;
			proxyType = 1;
			remoteGlobalIDString = C6BA5F4E28A3749900A5484B;
			remoteInfo = MineSweeperSolver;
		};
		C6BA5F6A28A3749D00A5484B /* PBXContainerItemProxy */ = {
			isa = PBXContainerItemProxy;
			containerPortal = C6BA5F4728A3749900A5484B /* Project object */;
			proxyType = 1;
			remoteGlobalIDString = C6BA5F4E28A3749900A5484B;
			remoteInfo = MineSweeperSolver;
		};
/* End PBXContainerItemProxy section */

/* Begin PBXFileReference section */
		C6BA5F4F28A3749900A5484B /* MineSweeperSolver.app */ = {isa = PBXFileReference; explicitFileType = wrapper.application; includeInIndex = 0; path = MineSweeperSolver.app; sourceTree = BUILT_PRODUCTS_DIR; };
		C6BA5F5228A3749900A5484B /* MineSweeperSolverApp.swift */ = {isa = PBXFileReference; lastKnownFileType = sourcecode.swift; path = MineSweeperSolverApp.swift; sourceTree = "<group>"; };
		C6BA5F5428A3749900A5484B /* ContentView.swift */ = {isa = PBXFileReference; lastKnownFileType = sourcecode.swift; path = ContentView.swift; sourceTree = "<group>"; };
		C6BA5F5628A3749D00A5484B /* Assets.xcassets */ = {isa = PBXFileReference; lastKnownFileType = folder.assetcatalog; path = Assets.xcassets; sourceTree = "<group>"; };
		C6BA5F5928A3749D00A5484B /* Preview Assets.xcassets */ = {isa = PBXFileReference; lastKnownFileType = folder.assetcatalog; path = "Preview Assets.xcassets"; sourceTree = "<group>"; };
		C6BA5F5F28A3749D00A5484B /* MineSweeperSolverTests.xctest */ = {isa = PBXFileReference; explicitFileType = wrapper.cfbundle; includeInIndex = 0; path = MineSweeperSolverTests.xctest; sourceTree = BUILT_PRODUCTS_DIR; };
		C6BA5F6328A3749D00A5484B /* MineSweeperSolverTests.swift */ = {isa = PBXFileReference; lastKnownFileType = sourcecode.swift; path = MineSweeperSolverTests.swift; sourceTree = "<group>"; };
		C6BA5F6928A3749D00A5484B /* MineSweeperSolverUITests.xctest */ = {isa = PBXFileReference; explicitFileType = wrapper.cfbundle; includeInIndex = 0; path = MineSweeperSolverUITests.xctest; sourceTree = BUILT_PRODUCTS_DIR; };
		C6BA5F6D28A3749D00A5484B /* MineSweeperSolverUITests.swift */ = {isa = PBXFileReference; lastKnownFileType = sourcecode.swift; path = MineSweeperSolverUITests.swift; sourceTree = "<group>"; };
		C6BA5F6F28A3749D00A5484B /* MineSweeperSolverUITestsLaunchTests.swift */ = {isa = PBXFileReference; lastKnownFileType = sourcecode.swift; path = MineSweeperSolverUITestsLaunchTests.swift; sourceTree = "<group>"; };
		C6BA5F7C28A375E800A5484B /* FileReader.swift */ = {isa = PBXFileReference; lastKnownFileType = sourcecode.swift; path = FileReader.swift; sourceTree = "<group>"; };
		C6BA5F7E28A3761D00A5484B /* FileRenderer.swift */ = {isa = PBXFileReference; lastKnownFileType = sourcecode.swift; path = FileRenderer.swift; sourceTree = "<group>"; };
		C6BA5F8028A376BA00A5484B /* Board.swift */ = {isa = PBXFileReference; lastKnownFileType = sourcecode.swift; path = Board.swift; sourceTree = "<group>"; };
		C6BA5F8228A376C200A5484B /* Element.swift */ = {isa = PBXFileReference; lastKnownFileType = sourcecode.swift; path = Element.swift; sourceTree = "<group>"; };
		C6BA5F8428A376CB00A5484B /* Position.swift */ = {isa = PBXFileReference; lastKnownFileType = sourcecode.swift; path = Position.swift; sourceTree = "<group>"; };
		C6BA5F8728A3771D00A5484B /* Counter.swift */ = {isa = PBXFileReference; lastKnownFileType = sourcecode.swift; path = Counter.swift; sourceTree = "<group>"; };
		C6BA5F8928A3774900A5484B /* FileWriter.swift */ = {isa = PBXFileReference; lastKnownFileType = sourcecode.swift; path = FileWriter.swift; sourceTree = "<group>"; };
/* End PBXFileReference section */

/* Begin PBXFrameworksBuildPhase section */
		C6BA5F4C28A3749900A5484B /* Frameworks */ = {
			isa = PBXFrameworksBuildPhase;
			buildActionMask = 2147483647;
			files = (
			);
			runOnlyForDeploymentPostprocessing = 0;
		};
		C6BA5F5C28A3749D00A5484B /* Frameworks */ = {
			isa = PBXFrameworksBuildPhase;
			buildActionMask = 2147483647;
			files = (
			);
			runOnlyForDeploymentPostprocessing = 0;
		};
		C6BA5F6628A3749D00A5484B /* Frameworks */ = {
			isa = PBXFrameworksBuildPhase;
			buildActionMask = 2147483647;
			files = (
			);
			runOnlyForDeploymentPostprocessing = 0;
		};
/* End PBXFrameworksBuildPhase section */

/* Begin PBXGroup section */
		C6BA5F4628A3749900A5484B = {
			isa = PBXGroup;
			children = (
				C6BA5F5128A3749900A5484B /* MineSweeperSolver */,
				C6BA5F6228A3749D00A5484B /* MineSweeperSolverTests */,
				C6BA5F6C28A3749D00A5484B /* MineSweeperSolverUITests */,
				C6BA5F5028A3749900A5484B /* Products */,
			);
			sourceTree = "<group>";
		};
		C6BA5F5028A3749900A5484B /* Products */ = {
			isa = PBXGroup;
			children = (
				C6BA5F4F28A3749900A5484B /* MineSweeperSolver.app */,
				C6BA5F5F28A3749D00A5484B /* MineSweeperSolverTests.xctest */,
				C6BA5F6928A3749D00A5484B /* MineSweeperSolverUITests.xctest */,
			);
			name = Products;
			sourceTree = "<group>";
		};
		C6BA5F5128A3749900A5484B /* MineSweeperSolver */ = {
			isa = PBXGroup;
			children = (
				C6BA5F8628A376D400A5484B /* Parts */,
				C6BA5F7E28A3761D00A5484B /* FileRenderer.swift */,
				C6BA5F7C28A375E800A5484B /* FileReader.swift */,
				C6BA5F8728A3771D00A5484B /* Counter.swift */,
				C6BA5F8928A3774900A5484B /* FileWriter.swift */,
				C6BA5F5228A3749900A5484B /* MineSweeperSolverApp.swift */,
				C6BA5F5428A3749900A5484B /* ContentView.swift */,
				C6BA5F5628A3749D00A5484B /* Assets.xcassets */,
				C6BA5F5828A3749D00A5484B /* Preview Content */,
			);
			path = MineSweeperSolver;
			sourceTree = "<group>";
		};
		C6BA5F5828A3749D00A5484B /* Preview Content */ = {
			isa = PBXGroup;
			children = (
				C6BA5F5928A3749D00A5484B /* Preview Assets.xcassets */,
			);
			path = "Preview Content";
			sourceTree = "<group>";
		};
		C6BA5F6228A3749D00A5484B /* MineSweeperSolverTests */ = {
			isa = PBXGroup;
			children = (
				C6BA5F6328A3749D00A5484B /* MineSweeperSolverTests.swift */,
			);
			path = MineSweeperSolverTests;
			sourceTree = "<group>";
		};
		C6BA5F6C28A3749D00A5484B /* MineSweeperSolverUITests */ = {
			isa = PBXGroup;
			children = (
				C6BA5F6D28A3749D00A5484B /* MineSweeperSolverUITests.swift */,
				C6BA5F6F28A3749D00A5484B /* MineSweeperSolverUITestsLaunchTests.swift */,
			);
			path = MineSweeperSolverUITests;
			sourceTree = "<group>";
		};
		C6BA5F8628A376D400A5484B /* Parts */ = {
			isa = PBXGroup;
			children = (
				C6BA5F8028A376BA00A5484B /* Board.swift */,
				C6BA5F8228A376C200A5484B /* Element.swift */,
				C6BA5F8428A376CB00A5484B /* Position.swift */,
			);
			path = Parts;
			sourceTree = "<group>";
		};
/* End PBXGroup section */

/* Begin PBXNativeTarget section */
		C6BA5F4E28A3749900A5484B /* MineSweeperSolver */ = {
			isa = PBXNativeTarget;
			buildConfigurationList = C6BA5F7328A3749D00A5484B /* Build configuration list for PBXNativeTarget "MineSweeperSolver" */;
			buildPhases = (
				C6BA5F4B28A3749900A5484B /* Sources */,
				C6BA5F4C28A3749900A5484B /* Frameworks */,
				C6BA5F4D28A3749900A5484B /* Resources */,
			);
			buildRules = (
			);
			dependencies = (
			);
			name = MineSweeperSolver;
			productName = MineSweeperSolver;
			productReference = C6BA5F4F28A3749900A5484B /* MineSweeperSolver.app */;
			productType = "com.apple.product-type.application";
		};
		C6BA5F5E28A3749D00A5484B /* MineSweeperSolverTests */ = {
			isa = PBXNativeTarget;
			buildConfigurationList = C6BA5F7628A3749D00A5484B /* Build configuration list for PBXNativeTarget "MineSweeperSolverTests" */;
			buildPhases = (
				C6BA5F5B28A3749D00A5484B /* Sources */,
				C6BA5F5C28A3749D00A5484B /* Frameworks */,
				C6BA5F5D28A3749D00A5484B /* Resources */,
			);
			buildRules = (
			);
			dependencies = (
				C6BA5F6128A3749D00A5484B /* PBXTargetDependency */,
			);
			name = MineSweeperSolverTests;
			productName = MineSweeperSolverTests;
			productReference = C6BA5F5F28A3749D00A5484B /* MineSweeperSolverTests.xctest */;
			productType = "com.apple.product-type.bundle.unit-test";
		};
		C6BA5F6828A3749D00A5484B /* MineSweeperSolverUITests */ = {
			isa = PBXNativeTarget;
			buildConfigurationList = C6BA5F7928A3749D00A5484B /* Build configuration list for PBXNativeTarget "MineSweeperSolverUITests" */;
			buildPhases = (
				C6BA5F6528A3749D00A5484B /* Sources */,
				C6BA5F6628A3749D00A5484B /* Frameworks */,
				C6BA5F6728A3749D00A5484B /* Resources */,
			);
			buildRules = (
			);
			dependencies = (
				C6BA5F6B28A3749D00A5484B /* PBXTargetDependency */,
			);
			name = MineSweeperSolverUITests;
			productName = MineSweeperSolverUITests;
			productReference = C6BA5F6928A3749D00A5484B /* MineSweeperSolverUITests.xctest */;
			productType = "com.apple.product-type.bundle.ui-testing";
		};
/* End PBXNativeTarget section */

/* Begin PBXProject section */
		C6BA5F4728A3749900A5484B /* Project object */ = {
			isa = PBXProject;
			attributes = {
				BuildIndependentTargetsInParallel = 1;
				LastSwiftUpdateCheck = 1340;
				LastUpgradeCheck = 1340;
				TargetAttributes = {
					C6BA5F4E28A3749900A5484B = {
						CreatedOnToolsVersion = 13.4.1;
					};
					C6BA5F5E28A3749D00A5484B = {
						CreatedOnToolsVersion = 13.4.1;
						TestTargetID = C6BA5F4E28A3749900A5484B;
					};
					C6BA5F6828A3749D00A5484B = {
						CreatedOnToolsVersion = 13.4.1;
						TestTargetID = C6BA5F4E28A3749900A5484B;
					};
				};
			};
			buildConfigurationList = C6BA5F4A28A3749900A5484B /* Build configuration list for PBXProject "MineSweeperSolver" */;
			compatibilityVersion = "Xcode 13.0";
			developmentRegion = en;
			hasScannedForEncodings = 0;
			knownRegions = (
				en,
				Base,
			);
			mainGroup = C6BA5F4628A3749900A5484B;
			productRefGroup = C6BA5F5028A3749900A5484B /* Products */;
			projectDirPath = "";
			projectRoot = "";
			targets = (
				C6BA5F4E28A3749900A5484B /* MineSweeperSolver */,
				C6BA5F5E28A3749D00A5484B /* MineSweeperSolverTests */,
				C6BA5F6828A3749D00A5484B /* MineSweeperSolverUITests */,
			);
		};
/* End PBXProject section */

/* Begin PBXResourcesBuildPhase section */
		C6BA5F4D28A3749900A5484B /* Resources */ = {
			isa = PBXResourcesBuildPhase;
			buildActionMask = 2147483647;
			files = (
				C6BA5F5A28A3749D00A5484B /* Preview Assets.xcassets in Resources */,
				C6BA5F5728A3749D00A5484B /* Assets.xcassets in Resources */,
			);
			runOnlyForDeploymentPostprocessing = 0;
		};
		C6BA5F5D28A3749D00A5484B /* Resources */ = {
			isa = PBXResourcesBuildPhase;
			buildActionMask = 2147483647;
			files = (
			);
			runOnlyForDeploymentPostprocessing = 0;
		};
		C6BA5F6728A3749D00A5484B /* Resources */ = {
			isa = PBXResourcesBuildPhase;
			buildActionMask = 2147483647;
			files = (
			);
			runOnlyForDeploymentPostprocessing = 0;
		};
/* End PBXResourcesBuildPhase section */

/* Begin PBXSourcesBuildPhase section */
		C6BA5F4B28A3749900A5484B /* Sources */ = {
			isa = PBXSourcesBuildPhase;
			buildActionMask = 2147483647;
			files = (
				C6BA5F8828A3771D00A5484B /* Counter.swift in Sources */,
				C6BA5F8528A376CB00A5484B /* Position.swift in Sources */,
				C6BA5F7F28A3761D00A5484B /* FileRenderer.swift in Sources */,
				C6BA5F7D28A375E800A5484B /* FileReader.swift in Sources */,
				C6BA5F8328A376C200A5484B /* Element.swift in Sources */,
				C6BA5F8128A376BA00A5484B /* Board.swift in Sources */,
				C6BA5F8A28A3774900A5484B /* FileWriter.swift in Sources */,
				C6BA5F5528A3749900A5484B /* ContentView.swift in Sources */,
				C6BA5F5328A3749900A5484B /* MineSweeperSolverApp.swift in Sources */,
			);
			runOnlyForDeploymentPostprocessing = 0;
		};
		C6BA5F5B28A3749D00A5484B /* Sources */ = {
			isa = PBXSourcesBuildPhase;
			buildActionMask = 2147483647;
			files = (
				C6BA5F6428A3749D00A5484B /* MineSweeperSolverTests.swift in Sources */,
			);
			runOnlyForDeploymentPostprocessing = 0;
		};
		C6BA5F6528A3749D00A5484B /* Sources */ = {
			isa = PBXSourcesBuildPhase;
			buildActionMask = 2147483647;
			files = (
				C6BA5F7028A3749D00A5484B /* MineSweeperSolverUITestsLaunchTests.swift in Sources */,
				C6BA5F6E28A3749D00A5484B /* MineSweeperSolverUITests.swift in Sources */,
			);
			runOnlyForDeploymentPostprocessing = 0;
		};
/* End PBXSourcesBuildPhase section */

/* Begin PBXTargetDependency section */
		C6BA5F6128A3749D00A5484B /* PBXTargetDependency */ = {
			isa = PBXTargetDependency;
			target = C6BA5F4E28A3749900A5484B /* MineSweeperSolver */;
			targetProxy = C6BA5F6028A3749D00A5484B /* PBXContainerItemProxy */;
		};
		C6BA5F6B28A3749D00A5484B /* PBXTargetDependency */ = {
			isa = PBXTargetDependency;
			target = C6BA5F4E28A3749900A5484B /* MineSweeperSolver */;
			targetProxy = C6BA5F6A28A3749D00A5484B /* PBXContainerItemProxy */;
		};
/* End PBXTargetDependency section */

/* Begin XCBuildConfiguration section */
		C6BA5F7128A3749D00A5484B /* Debug */ = {
			isa = XCBuildConfiguration;
			buildSettings = {
				ALWAYS_SEARCH_USER_PATHS = NO;
				CLANG_ANALYZER_NONNULL = YES;
				CLANG_ANALYZER_NUMBER_OBJECT_CONVERSION = YES_AGGRESSIVE;
				CLANG_CXX_LANGUAGE_STANDARD = "gnu++17";
				CLANG_ENABLE_MODULES = YES;
				CLANG_ENABLE_OBJC_ARC = YES;
				CLANG_ENABLE_OBJC_WEAK = YES;
				CLANG_WARN_BLOCK_CAPTURE_AUTORELEASING = YES;
				CLANG_WARN_BOOL_CONVERSION = YES;
				CLANG_WARN_COMMA = YES;
				CLANG_WARN_CONSTANT_CONVERSION = YES;
				CLANG_WARN_DEPRECATED_OBJC_IMPLEMENTATIONS = YES;
				CLANG_WARN_DIRECT_OBJC_ISA_USAGE = YES_ERROR;
				CLANG_WARN_DOCUMENTATION_COMMENTS = YES;
				CLANG_WARN_EMPTY_BODY = YES;
				CLANG_WARN_ENUM_CONVERSION = YES;
				CLANG_WARN_INFINITE_RECURSION = YES;
				CLANG_WARN_INT_CONVERSION = YES;
				CLANG_WARN_NON_LITERAL_NULL_CONVERSION = YES;
				CLANG_WARN_OBJC_IMPLICIT_RETAIN_SELF = YES;
				CLANG_WARN_OBJC_LITERAL_CONVERSION = YES;
				CLANG_WARN_OBJC_ROOT_CLASS = YES_ERROR;
				CLANG_WARN_QUOTED_INCLUDE_IN_FRAMEWORK_HEADER = YES;
				CLANG_WARN_RANGE_LOOP_ANALYSIS = YES;
				CLANG_WARN_STRICT_PROTOTYPES = YES;
				CLANG_WARN_SUSPICIOUS_MOVE = YES;
				CLANG_WARN_UNGUARDED_AVAILABILITY = YES_AGGRESSIVE;
				CLANG_WARN_UNREACHABLE_CODE = YES;
				CLANG_WARN__DUPLICATE_METHOD_MATCH = YES;
				COPY_PHASE_STRIP = NO;
				DEBUG_INFORMATION_FORMAT = dwarf;
				ENABLE_STRICT_OBJC_MSGSEND = YES;
				ENABLE_TESTABILITY = YES;
				GCC_C_LANGUAGE_STANDARD = gnu11;
				GCC_DYNAMIC_NO_PIC = NO;
				GCC_NO_COMMON_BLOCKS = YES;
				GCC_OPTIMIZATION_LEVEL = 0;
				GCC_PREPROCESSOR_DEFINITIONS = (
					"DEBUG=1",
					"$(inherited)",
				);
				GCC_WARN_64_TO_32_BIT_CONVERSION = YES;
				GCC_WARN_ABOUT_RETURN_TYPE = YES_ERROR;
				GCC_WARN_UNDECLARED_SELECTOR = YES;
				GCC_WARN_UNINITIALIZED_AUTOS = YES_AGGRESSIVE;
				GCC_WARN_UNUSED_FUNCTION = YES;
				GCC_WARN_UNUSED_VARIABLE = YES;
				IPHONEOS_DEPLOYMENT_TARGET = 15.5;
				MTL_ENABLE_DEBUG_INFO = INCLUDE_SOURCE;
				MTL_FAST_MATH = YES;
				ONLY_ACTIVE_ARCH = YES;
				SDKROOT = iphoneos;
				SWIFT_ACTIVE_COMPILATION_CONDITIONS = DEBUG;
				SWIFT_OPTIMIZATION_LEVEL = "-Onone";
			};
			name = Debug;
		};
		C6BA5F7228A3749D00A5484B /* Release */ = {
			isa = XCBuildConfiguration;
			buildSettings = {
				ALWAYS_SEARCH_USER_PATHS = NO;
				CLANG_ANALYZER_NONNULL = YES;
				CLANG_ANALYZER_NUMBER_OBJECT_CONVERSION = YES_AGGRESSIVE;
				CLANG_CXX_LANGUAGE_STANDARD = "gnu++17";
				CLANG_ENABLE_MODULES = YES;
				CLANG_ENABLE_OBJC_ARC = YES;
				CLANG_ENABLE_OBJC_WEAK = YES;
				CLANG_WARN_BLOCK_CAPTURE_AUTORELEASING = YES;
				CLANG_WARN_BOOL_CONVERSION = YES;
				CLANG_WARN_COMMA = YES;
				CLANG_WARN_CONSTANT_CONVERSION = YES;
				CLANG_WARN_DEPRECATED_OBJC_IMPLEMENTATIONS = YES;
				CLANG_WARN_DIRECT_OBJC_ISA_USAGE = YES_ERROR;
				CLANG_WARN_DOCUMENTATION_COMMENTS = YES;
				CLANG_WARN_EMPTY_BODY = YES;
				CLANG_WARN_ENUM_CONVERSION = YES;
				CLANG_WARN_INFINITE_RECURSION = YES;
				CLANG_WARN_INT_CONVERSION = YES;
				CLANG_WARN_NON_LITERAL_NULL_CONVERSION = YES;
				CLANG_WARN_OBJC_IMPLICIT_RETAIN_SELF = YES;
				CLANG_WARN_OBJC_LITERAL_CONVERSION = YES;
				CLANG_WARN_OBJC_ROOT_CLASS = YES_ERROR;
				CLANG_WARN_QUOTED_INCLUDE_IN_FRAMEWORK_HEADER = YES;
				CLANG_WARN_RANGE_LOOP_ANALYSIS = YES;
				CLANG_WARN_STRICT_PROTOTYPES = YES;
				CLANG_WARN_SUSPICIOUS_MOVE = YES;
				CLANG_WARN_UNGUARDED_AVAILABILITY = YES_AGGRESSIVE;
				CLANG_WARN_UNREACHABLE_CODE = YES;
				CLANG_WARN__DUPLICATE_METHOD_MATCH = YES;
				COPY_PHASE_STRIP = NO;
				DEBUG_INFORMATION_FORMAT = "dwarf-with-dsym";
				ENABLE_NS_ASSERTIONS = NO;
				ENABLE_STRICT_OBJC_MSGSEND = YES;
				GCC_C_LANGUAGE_STANDARD = gnu11;
				GCC_NO_COMMON_BLOCKS = YES;
				GCC_WARN_64_TO_32_BIT_CONVERSION = YES;
				GCC_WARN_ABOUT_RETURN_TYPE = YES_ERROR;
				GCC_WARN_UNDECLARED_SELECTOR = YES;
				GCC_WARN_UNINITIALIZED_AUTOS = YES_AGGRESSIVE;
				GCC_WARN_UNUSED_FUNCTION = YES;
				GCC_WARN_UNUSED_VARIABLE = YES;
				IPHONEOS_DEPLOYMENT_TARGET = 15.5;
				MTL_ENABLE_DEBUG_INFO = NO;
				MTL_FAST_MATH = YES;
				SDKROOT = iphoneos;
				SWIFT_COMPILATION_MODE = wholemodule;
				SWIFT_OPTIMIZATION_LEVEL = "-O";
				VALIDATE_PRODUCT = YES;
			};
			name = Release;
		};
		C6BA5F7428A3749D00A5484B /* Debug */ = {
			isa = XCBuildConfiguration;
			buildSettings = {
				ASSETCATALOG_COMPILER_APPICON_NAME = AppIcon;
				ASSETCATALOG_COMPILER_GLOBAL_ACCENT_COLOR_NAME = AccentColor;
				CODE_SIGN_STYLE = Automatic;
				CURRENT_PROJECT_VERSION = 1;
				DEVELOPMENT_ASSET_PATHS = "\"MineSweeperSolver/Preview Content\"";
				DEVELOPMENT_TEAM = HQ53CRS226;
				ENABLE_PREVIEWS = YES;
				GENERATE_INFOPLIST_FILE = YES;
				INFOPLIST_KEY_UIApplicationSceneManifest_Generation = YES;
				INFOPLIST_KEY_UIApplicationSupportsIndirectInputEvents = YES;
				INFOPLIST_KEY_UILaunchScreen_Generation = YES;
				INFOPLIST_KEY_UISupportedInterfaceOrientations_iPad = "UIInterfaceOrientationPortrait UIInterfaceOrientationPortraitUpsideDown UIInterfaceOrientationLandscapeLeft UIInterfaceOrientationLandscapeRight";
				INFOPLIST_KEY_UISupportedInterfaceOrientations_iPhone = "UIInterfaceOrientationPortrait UIInterfaceOrientationLandscapeLeft UIInterfaceOrientationLandscapeRight";
				LD_RUNPATH_SEARCH_PATHS = (
					"$(inherited)",
					"@executable_path/Frameworks",
				);
				MARKETING_VERSION = 1.0;
				PRODUCT_BUNDLE_IDENTIFIER = SebastianBirchner.MineSweeperSolver;
				PRODUCT_NAME = "$(TARGET_NAME)";
				SWIFT_EMIT_LOC_STRINGS = YES;
				SWIFT_VERSION = 5.0;
				TARGETED_DEVICE_FAMILY = "1,2";
			};
			name = Debug;
		};
		C6BA5F7528A3749D00A5484B /* Release */ = {
			isa = XCBuildConfiguration;
			buildSettings = {
				ASSETCATALOG_COMPILER_APPICON_NAME = AppIcon;
				ASSETCATALOG_COMPILER_GLOBAL_ACCENT_COLOR_NAME = AccentColor;
				CODE_SIGN_STYLE = Automatic;
				CURRENT_PROJECT_VERSION = 1;
				DEVELOPMENT_ASSET_PATHS = "\"MineSweeperSolver/Preview Content\"";
				DEVELOPMENT_TEAM = HQ53CRS226;
				ENABLE_PREVIEWS = YES;
				GENERATE_INFOPLIST_FILE = YES;
				INFOPLIST_KEY_UIApplicationSceneManifest_Generation = YES;
				INFOPLIST_KEY_UIApplicationSupportsIndirectInputEvents = YES;
				INFOPLIST_KEY_UILaunchScreen_Generation = YES;
				INFOPLIST_KEY_UISupportedInterfaceOrientations_iPad = "UIInterfaceOrientationPortrait UIInterfaceOrientationPortraitUpsideDown UIInterfaceOrientationLandscapeLeft UIInterfaceOrientationLandscapeRight";
				INFOPLIST_KEY_UISupportedInterfaceOrientations_iPhone = "UIInterfaceOrientationPortrait UIInterfaceOrientationLandscapeLeft UIInterfaceOrientationLandscapeRight";
				LD_RUNPATH_SEARCH_PATHS = (
					"$(inherited)",
					"@executable_path/Frameworks",
				);
				MARKETING_VERSION = 1.0;
				PRODUCT_BUNDLE_IDENTIFIER = SebastianBirchner.MineSweeperSolver;
				PRODUCT_NAME = "$(TARGET_NAME)";
				SWIFT_EMIT_LOC_STRINGS = YES;
				SWIFT_VERSION = 5.0;
				TARGETED_DEVICE_FAMILY = "1,2";
			};
			name = Release;
		};
		C6BA5F7728A3749D00A5484B /* Debug */ = {
			isa = XCBuildConfiguration;
			buildSettings = {
				ALWAYS_EMBED_SWIFT_STANDARD_LIBRARIES = YES;
				BUNDLE_LOADER = "$(TEST_HOST)";
				CODE_SIGN_STYLE = Automatic;
				CURRENT_PROJECT_VERSION = 1;
				DEVELOPMENT_TEAM = HQ53CRS226;
				GENERATE_INFOPLIST_FILE = YES;
				IPHONEOS_DEPLOYMENT_TARGET = 15.5;
				MARKETING_VERSION = 1.0;
				PRODUCT_BUNDLE_IDENTIFIER = SebastianBirchner.MineSweeperSolverTests;
				PRODUCT_NAME = "$(TARGET_NAME)";
				SWIFT_EMIT_LOC_STRINGS = NO;
				SWIFT_VERSION = 5.0;
				TARGETED_DEVICE_FAMILY = "1,2";
				TEST_HOST = "$(BUILT_PRODUCTS_DIR)/MineSweeperSolver.app/MineSweeperSolver";
			};
			name = Debug;
		};
		C6BA5F7828A3749D00A5484B /* Release */ = {
			isa = XCBuildConfiguration;
			buildSettings = {
				ALWAYS_EMBED_SWIFT_STANDARD_LIBRARIES = YES;
				BUNDLE_LOADER = "$(TEST_HOST)";
				CODE_SIGN_STYLE = Automatic;
				CURRENT_PROJECT_VERSION = 1;
				DEVELOPMENT_TEAM = HQ53CRS226;
				GENERATE_INFOPLIST_FILE = YES;
				IPHONEOS_DEPLOYMENT_TARGET = 15.5;
				MARKETING_VERSION = 1.0;
				PRODUCT_BUNDLE_IDENTIFIER = SebastianBirchner.MineSweeperSolverTests;
				PRODUCT_NAME = "$(TARGET_NAME)";
				SWIFT_EMIT_LOC_STRINGS = NO;
				SWIFT_VERSION = 5.0;
				TARGETED_DEVICE_FAMILY = "1,2";
				TEST_HOST = "$(BUILT_PRODUCTS_DIR)/MineSweeperSolver.app/MineSweeperSolver";
			};
			name = Release;
		};
		C6BA5F7A28A3749D00A5484B /* Debug */ = {
			isa = XCBuildConfiguration;
			buildSettings = {
				ALWAYS_EMBED_SWIFT_STANDARD_LIBRARIES = YES;
				CODE_SIGN_STYLE = Automatic;
				CURRENT_PROJECT_VERSION = 1;
				DEVELOPMENT_TEAM = HQ53CRS226;
				GENERATE_INFOPLIST_FILE = YES;
				MARKETING_VERSION = 1.0;
				PRODUCT_BUNDLE_IDENTIFIER = SebastianBirchner.MineSweeperSolverUITests;
				PRODUCT_NAME = "$(TARGET_NAME)";
				SWIFT_EMIT_LOC_STRINGS = NO;
				SWIFT_VERSION = 5.0;
				TARGETED_DEVICE_FAMILY = "1,2";
				TEST_TARGET_NAME = MineSweeperSolver;
			};
			name = Debug;
		};
		C6BA5F7B28A3749D00A5484B /* Release */ = {
			isa = XCBuildConfiguration;
			buildSettings = {
				ALWAYS_EMBED_SWIFT_STANDARD_LIBRARIES = YES;
				CODE_SIGN_STYLE = Automatic;
				CURRENT_PROJECT_VERSION = 1;
				DEVELOPMENT_TEAM = HQ53CRS226;
				GENERATE_INFOPLIST_FILE = YES;
				MARKETING_VERSION = 1.0;
				PRODUCT_BUNDLE_IDENTIFIER = SebastianBirchner.MineSweeperSolverUITests;
				PRODUCT_NAME = "$(TARGET_NAME)";
				SWIFT_EMIT_LOC_STRINGS = NO;
				SWIFT_VERSION = 5.0;
				TARGETED_DEVICE_FAMILY = "1,2";
				TEST_TARGET_NAME = MineSweeperSolver;
			};
			name = Release;
		};
/* End XCBuildConfiguration section */

/* Begin XCConfigurationList section */
		C6BA5F4A28A3749900A5484B /* Build configuration list for PBXProject "MineSweeperSolver" */ = {
			isa = XCConfigurationList;
			buildConfigurations = (
				C6BA5F7128A3749D00A5484B /* Debug */,
				C6BA5F7228A3749D00A5484B /* Release */,
			);
			defaultConfigurationIsVisible = 0;
			defaultConfigurationName = Release;
		};
		C6BA5F7328A3749D00A5484B /* Build configuration list for PBXNativeTarget "MineSweeperSolver" */ = {
			isa = XCConfigurationList;
			buildConfigurations = (
				C6BA5F7428A3749D00A5484B /* Debug */,
				C6BA5F7528A3749D00A5484B /* Release */,
			);
			defaultConfigurationIsVisible = 0;
			defaultConfigurationName = Release;
		};
		C6BA5F7628A3749D00A5484B /* Build configuration list for PBXNativeTarget "MineSweeperSolverTests" */ = {
			isa = XCConfigurationList;
			buildConfigurations = (
				C6BA5F7728A3749D00A5484B /* Debug */,
				C6BA5F7828A3749D00A5484B /* Release */,
			);
			defaultConfigurationIsVisible = 0;
			defaultConfigurationName = Release;
		};
		C6BA5F7928A3749D00A5484B /* Build configuration list for PBXNativeTarget "MineSweeperSolverUITests" */ = {
			isa = XCConfigurationList;
			buildConfigurations = (
				C6BA5F7A28A3749D00A5484B /* Debug */,
				C6BA5F7B28A3749D00A5484B /* Release */,
			);
			defaultConfigurationIsVisible = 0;
			defaultConfigurationName = Release;
		};
/* End XCConfigurationList section */
	};
	rootObject = C6BA5F4728A3749900A5484B /* Project object */;
}
